
Microsoft Visual Studio Solution File, Format Version 12.00
# Visual Studio Version 17
VisualStudioVersion = 17.11.35327.3
MinimumVisualStudioVersion = 10.0.40219.1
Project("{FAE04EC0-301F-11D3-BF4B-00C04F79EFBC}") = "MusikProgramm", "MusikProgramm\MusikProgramm.csproj", "{A27E3B4F-D91F-4C75-B015-5BA2E399096E}"
EndProject
Global
	GlobalSection(SolutionConfigurationPlatforms) = preSolution
		Debug|Any CPU = Debug|Any CPU
		Release|Any CPU = Release|Any CPU
	EndGlobalSection
	GlobalSection(ProjectConfigurationPlatforms) = postSolution
		{A27E3B4F-D91F-4C75-B015-5BA2E399096E}.Debug|Any CPU.ActiveCfg = Debug|Any CPU
		{A27E3B4F-D91F-4C75-B015-5BA2E399096E}.Debug|Any CPU.Build.0 = Debug|Any CPU
		{A27E3B4F-D91F-4C75-B015-5BA2E399096E}.Release|Any CPU.ActiveCfg = Release|Any CPU
		{A27E3B4F-D91F-4C75-B015-5BA2E399096E}.Release|Any CPU.Build.0 = Release|Any CPU
	EndGlobalSection
	GlobalSection(SolutionProperties) = preSolution
		HideSolutionNode = FALSE
	EndGlobalSection
	GlobalSection(ExtensibilityGlobals) = postSolution
		SolutionGuid = {0A19CA1E-F21D-415E-B555-27AFC4B37DD0}
	EndGlobalSection
EndGlobal
